
Microsoft Visual Studio Solution File, Format Version 12.00
# Visual Studio 2013
VisualStudioVersion = 12.0.31101.0
MinimumVisualStudioVersion = 10.0.40219.1
Project("{FAE04EC0-301F-11D3-BF4B-00C04F79EFBC}") = "WebClient", "WebClient\WebClient.csproj", "{229543C0-2013-4B6E-8706-7BAD7C2A40FD}"
EndProject
Project("{FAE04EC0-301F-11D3-BF4B-00C04F79EFBC}") = "WebClient.Web", "WebClient.Web\WebClient.Web.csproj", "{2775C5C4-6AC5-4A41-94E4-4200A2513265}"
EndProject
Project("{FAE04EC0-301F-11D3-BF4B-00C04F79EFBC}") = "MV2Core", "MV2CorePortable\MV2Core.csproj", "{D92103E8-1C88-42C7-AE0D-15B148FC250B}"
EndProject
Project("{FAE04EC0-301F-11D3-BF4B-00C04F79EFBC}") = "MV2Testing", "MV2Testing\MV2Testing.csproj", "{C5684573-460F-4687-A844-5EF89111BE1C}"
EndProject
Project("{F088123C-0E9E-452A-89E6-6BA2F21D5CAC}") = "Modeling", "Modeling\Modeling.modelproj", "{7CBF6641-2E7C-4214-90E1-96CD50F48A60}"
EndProject
Global
	GlobalSection(SolutionConfigurationPlatforms) = preSolution
		Debug|Any CPU = Debug|Any CPU
		Release|Any CPU = Release|Any CPU
	EndGlobalSection
	GlobalSection(ProjectConfigurationPlatforms) = postSolution
		{229543C0-2013-4B6E-8706-7BAD7C2A40FD}.Debug|Any CPU.ActiveCfg = Debug|Any CPU
		{229543C0-2013-4B6E-8706-7BAD7C2A40FD}.Debug|Any CPU.Build.0 = Debug|Any CPU
		{229543C0-2013-4B6E-8706-7BAD7C2A40FD}.Release|Any CPU.ActiveCfg = Release|Any CPU
		{229543C0-2013-4B6E-8706-7BAD7C2A40FD}.Release|Any CPU.Build.0 = Release|Any CPU
		{2775C5C4-6AC5-4A41-94E4-4200A2513265}.Debug|Any CPU.ActiveCfg = Debug|Any CPU
		{2775C5C4-6AC5-4A41-94E4-4200A2513265}.Debug|Any CPU.Build.0 = Debug|Any CPU
		{2775C5C4-6AC5-4A41-94E4-4200A2513265}.Release|Any CPU.ActiveCfg = Release|Any CPU
		{2775C5C4-6AC5-4A41-94E4-4200A2513265}.Release|Any CPU.Build.0 = Release|Any CPU
		{D92103E8-1C88-42C7-AE0D-15B148FC250B}.Debug|Any CPU.ActiveCfg = Debug|Any CPU
		{D92103E8-1C88-42C7-AE0D-15B148FC250B}.Debug|Any CPU.Build.0 = Debug|Any CPU
		{D92103E8-1C88-42C7-AE0D-15B148FC250B}.Release|Any CPU.ActiveCfg = Release|Any CPU
		{D92103E8-1C88-42C7-AE0D-15B148FC250B}.Release|Any CPU.Build.0 = Release|Any CPU
		{C5684573-460F-4687-A844-5EF89111BE1C}.Debug|Any CPU.ActiveCfg = Debug|Any CPU
		{C5684573-460F-4687-A844-5EF89111BE1C}.Debug|Any CPU.Build.0 = Debug|Any CPU
		{C5684573-460F-4687-A844-5EF89111BE1C}.Release|Any CPU.ActiveCfg = Release|Any CPU
		{C5684573-460F-4687-A844-5EF89111BE1C}.Release|Any CPU.Build.0 = Release|Any CPU
		{7CBF6641-2E7C-4214-90E1-96CD50F48A60}.Debug|Any CPU.ActiveCfg = Debug|Any CPU
		{7CBF6641-2E7C-4214-90E1-96CD50F48A60}.Debug|Any CPU.Build.0 = Debug|Any CPU
		{7CBF6641-2E7C-4214-90E1-96CD50F48A60}.Release|Any CPU.ActiveCfg = Release|Any CPU
		{7CBF6641-2E7C-4214-90E1-96CD50F48A60}.Release|Any CPU.Build.0 = Release|Any CPU
	EndGlobalSection
	GlobalSection(SolutionProperties) = preSolution
		HideSolutionNode = FALSE
	EndGlobalSection
EndGlobal
